{
    "_meta": {
        "hash": {
            "sha256": "0a1d510f3002dd5b43558c04b67786c6d92d846d6e57c5133ecccd8540dcccb7"
        },
        "pipfile-spec": 6,
        "requires": {
            "python_version": "3.6.5"
        },
        "sources": [
            {
                "name": "pypi",
                "url": "https://pypi.org/simple",
                "verify_ssl": true
            }
        ]
    },
    "default": {
        "click": {
            "hashes": [
                "sha256:2335065e6395b9e67ca716de5f7526736bfa6ceead690adf616d925bdc622b13",
                "sha256:5b94b49521f6456670fdb30cd82a4eca9412788a93fa6dd6df72c94d5a8ff2d7"
            ],
            "index": "pypi",
            "version": "==7.0"
        },
        "mimesis": {
            "hashes": [
                "sha256:2a17aa98cc8aff2c0b1828312e213a515030ed57a1c7b61fc07a87150cb0f25f",
                "sha256:4b856023acdaaefe2e10bbfea9fd4cb6fa9adbbbe9618a8f796aa8887b58e6f2"
            ],
            "index": "pypi",
            "version": "==2.1.0"
        },
        "sqlalchemy": {
            "hashes": [
                "sha256:9de7c7dabcf06319becdb7e15099c44e5e34ba7062f9ba10bc00e562f5db3d04"
            ],
            "index": "pypi",
            "version": "==1.2.14"
        }
    },
    "develop": {}
}
